
Microsoft Visual Studio Solution File, Format Version 12.00
# Visual Studio Version 17
VisualStudioVersion = 17.10.35027.167
MinimumVisualStudioVersion = 10.0.40219.1
Project("{2150E333-8FDC-42A3-9474-1A3956D46DE8}") = "Solution.Items", "Solution.Items", "{B4BE1337-E069-4256-B95C-E70619A630A5}"
	ProjectSection(SolutionItems) = preProject
		.gitignore = .gitignore
		acceptance.sh = acceptance.sh
		commit.sh = commit.sh
		docker-compose.yml = docker-compose.yml
		index.json = index.json
		PlantBasedPizza.postman_collection.json = PlantBasedPizza.postman_collection.json
		README.md = README.md
	EndProjectSection
EndProject
Project("{2150E333-8FDC-42A3-9474-1A3956D46DE8}") = "src", "src", "{A027B923-31E9-4DFD-BBEA-05D41198E10D}"
EndProject
Project("{2150E333-8FDC-42A3-9474-1A3956D46DE8}") = "PlantBasedPizza.Api", "PlantBasedPizza.Api", "{802E6FDE-5497-4892-BAFA-E6717D319A7E}"
EndProject
Project("{2150E333-8FDC-42A3-9474-1A3956D46DE8}") = "PlantBasedPizza.LoyaltyPoint", "PlantBasedPizza.LoyaltyPoint", "{01106533-A66A-4E29-879D-E67049BEC089}"
EndProject
Project("{2150E333-8FDC-42A3-9474-1A3956D46DE8}") = "PlantBasedPizza.Shared", "PlantBasedPizza.Shared", "{A57E8457-0DAF-4A55-AFCF-D408D28046B4}"
EndProject
Project("{2150E333-8FDC-42A3-9474-1A3956D46DE8}") = "application", "application", "{DCB7DD76-79B2-48D9-A89A-43396DD29570}"
	ProjectSection(SolutionItems) = preProject
		src\PlantBasedPizza.Api\application\samconfig.toml = src\PlantBasedPizza.Api\application\samconfig.toml
		src\PlantBasedPizza.Api\application\template.yaml = src\PlantBasedPizza.Api\application\template.yaml
	EndProjectSection
EndProject
Project("{2150E333-8FDC-42A3-9474-1A3956D46DE8}") = "mocks", "mocks", "{0E8F0507-7C0C-4B8C-A857-8DFC192D98DA}"
EndProject
Project("{2150E333-8FDC-42A3-9474-1A3956D46DE8}") = "tests", "tests", "{1D9178B4-39BE-414C-A8B2-A31EB57243A8}"
EndProject
Project("{9A19103F-16F7-4668-BE54-9A1E7A4F7556}") = "PlantBasedPizza.Api", "src\PlantBasedPizza.Api\application\PlantBasedPizza.Api\PlantBasedPizza.Api.csproj", "{8C5FBC6B-46F5-4DEF-B88E-4B91A7C9F948}"
EndProject
Project("{2150E333-8FDC-42A3-9474-1A3956D46DE8}") = "loyalty-api", "loyalty-api", "{F5A6784E-4EC3-4999-8BBA-524A7D00BFAF}"
EndProject
Project("{2150E333-8FDC-42A3-9474-1A3956D46DE8}") = "mappings", "mappings", "{60A5A3C7-F558-4416-B48F-2F3F77D85F23}"
	ProjectSection(SolutionItems) = preProject
		src\PlantBasedPizza.Api\mocks\loyalty-api\mappings\add-loyalty-points.json = src\PlantBasedPizza.Api\mocks\loyalty-api\mappings\add-loyalty-points.json
		src\PlantBasedPizza.Api\mocks\loyalty-api\mappings\health.json = src\PlantBasedPizza.Api\mocks\loyalty-api\mappings\health.json
	EndProjectSection
EndProject
Project("{9A19103F-16F7-4668-BE54-9A1E7A4F7556}") = "PlantBasedPizza.IntegrationTests", "src\PlantBasedPizza.Api\tests\PlantBasedPizza.IntegrationTests\PlantBasedPizza.IntegrationTests.csproj", "{1D31E1EE-BA79-4423-AEC4-EF77D6DB7E35}"
EndProject
Project("{9A19103F-16F7-4668-BE54-9A1E7A4F7556}") = "PlantBasedPizza.UnitTest", "src\PlantBasedPizza.Api\tests\PlantBasedPizza.UnitTest\PlantBasedPizza.UnitTest.csproj", "{56F9B42E-E202-4DFE-B047-F94CB0453544}"
EndProject
Project("{2150E333-8FDC-42A3-9474-1A3956D46DE8}") = "tests", "tests", "{FC459DDB-9057-4373-9A62-8FE0D66DE7F6}"
EndProject
Project("{2150E333-8FDC-42A3-9474-1A3956D46DE8}") = "nginx", "nginx", "{A0814186-477B-482D-A951-13455918419D}"
	ProjectSection(SolutionItems) = preProject
		nginx\nginx-custom.conf = nginx\nginx-custom.conf
	EndProjectSection
EndProject
Project("{2150E333-8FDC-42A3-9474-1A3956D46DE8}") = "Tests", "Tests", "{9CDFE238-BCE3-4A9F-A354-D4B9AE7674F8}"
EndProject
Project("{FAE04EC0-301F-11D3-BF4B-00C04F79EFBC}") = "PlantBasedPizza.E2ETests", "src\Tests\PlantBasedPizza.E2ETests\PlantBasedPizza.E2ETests.csproj", "{1394E9DE-31A2-42AB-81A2-D39462BB9A97}"
EndProject
Project("{2150E333-8FDC-42A3-9474-1A3956D46DE8}") = "PlantBasedPizza.Payment", "PlantBasedPizza.Payment", "{A5B911CA-1417-41E6-9ED1-DBBF3CDD02DA}"
EndProject
Project("{2150E333-8FDC-42A3-9474-1A3956D46DE8}") = "tests", "tests", "{0CC60E02-EF4C-44BE-8BF2-FDE3A04EC36E}"
EndProject
Project("{FAE04EC0-301F-11D3-BF4B-00C04F79EFBC}") = "PlantBasedPizza.Payments.IntegrationTests", "src\PlantBasedPizza.Payment\tests\PlantBasedPizza.Payments.IntegrationTests\PlantBasedPizza.Payments.IntegrationTests.csproj", "{32F9E727-117F-4917-A53E-6580DA5409ED}"
EndProject
Project("{2150E333-8FDC-42A3-9474-1A3956D46DE8}") = "grpc-mocks", "grpc-mocks", "{ECFC9D10-B0F2-43C9-BCAD-86B9B561C23F}"
	ProjectSection(SolutionItems) = preProject
		src\PlantBasedPizza.Api\mocks\grpc-mocks\loyalty.proto = src\PlantBasedPizza.Api\mocks\grpc-mocks\loyalty.proto
		src\PlantBasedPizza.Api\mocks\grpc-mocks\payment.proto = src\PlantBasedPizza.Api\mocks\grpc-mocks\payment.proto
	EndProjectSection
EndProject
Project("{2150E333-8FDC-42A3-9474-1A3956D46DE8}") = "stubs", "stubs", "{A36A84A7-7A64-4201-BB6D-2319D50C3283}"
	ProjectSection(SolutionItems) = preProject
		src\PlantBasedPizza.Api\mocks\grpc-mocks\stubs\loyalty-stub.json = src\PlantBasedPizza.Api\mocks\grpc-mocks\stubs\loyalty-stub.json
		src\PlantBasedPizza.Api\mocks\grpc-mocks\stubs\payment-stub.json = src\PlantBasedPizza.Api\mocks\grpc-mocks\stubs\payment-stub.json
	EndProjectSection
EndProject
Project("{2150E333-8FDC-42A3-9474-1A3956D46DE8}") = "PlantBasedPizza.Kitchen", "PlantBasedPizza.Kitchen", "{A8A9E2C9-DD60-45C1-8896-E2C92273E947}"
EndProject
Project("{2150E333-8FDC-42A3-9474-1A3956D46DE8}") = "application", "application", "{87435669-0B21-4173-A6C0-B72D010BE321}"
EndProject
Project("{2150E333-8FDC-42A3-9474-1A3956D46DE8}") = "application", "application", "{2F8167C3-6736-482C-A704-3B474194A34F}"
EndProject
Project("{FAE04EC0-301F-11D3-BF4B-00C04F79EFBC}") = "PlantBasedPizza.Payments", "src\PlantBasedPizza.Payment\application\PlantBasedPizza.Payments\PlantBasedPizza.Payments.csproj", "{B5B16674-89A8-4B1D-A635-2DCB1FD98556}"
EndProject
Project("{2150E333-8FDC-42A3-9474-1A3956D46DE8}") = "tests", "tests", "{A698F019-D47D-4F65-8175-94B9C2BDE336}"
EndProject
Project("{2150E333-8FDC-42A3-9474-1A3956D46DE8}") = "application", "application", "{5D42F8A8-A9BC-46D3-BC01-5A6153FC59C5}"
EndProject
Project("{FAE04EC0-301F-11D3-BF4B-00C04F79EFBC}") = "PlantBasedPizza.Events", "src\PlantBasedPizza.Shared\application\PlantBasedPizza.Events\PlantBasedPizza.Events.csproj", "{E497A200-91BA-41B0-8D64-17172D7A5369}"
EndProject
Project("{FAE04EC0-301F-11D3-BF4B-00C04F79EFBC}") = "PlantBasedPizza.Shared", "src\PlantBasedPizza.Shared\application\PlantBasedPizza.Shared\PlantBasedPizza.Shared.csproj", "{8DF0D28E-02DE-4FB9-9745-79049BB01724}"
EndProject
Project("{FAE04EC0-301F-11D3-BF4B-00C04F79EFBC}") = "PlantBasedPizza.Shared.UnitTests", "src\PlantBasedPizza.Shared\tests\PlantBasedPizza.Shared.UnitTests\PlantBasedPizza.Shared.UnitTests.csproj", "{29589814-ED48-44A7-9103-E23FCF191563}"
EndProject
Project("{2150E333-8FDC-42A3-9474-1A3956D46DE8}") = "PlantBasedPizza.Deliver", "PlantBasedPizza.Deliver", "{7FB69242-37C6-4C90-A1BD-3CF56D162554}"
EndProject
Project("{2150E333-8FDC-42A3-9474-1A3956D46DE8}") = "PlantBasedPizza.Order", "PlantBasedPizza.Order", "{E6FFA17B-3A4A-4484-9FDB-1BADC7397389}"
EndProject
Project("{FAE04EC0-301F-11D3-BF4B-00C04F79EFBC}") = "PlantBasedPizza.LoyaltyPoints", "src\PlantBasedPizza.LoyaltyPoint\application\PlantBasedPizza.LoyaltyPoints\PlantBasedPizza.LoyaltyPoints.csproj", "{59450B77-8E81-4BF5-85A0-27F07C796662}"
EndProject
Project("{FAE04EC0-301F-11D3-BF4B-00C04F79EFBC}") = "PlantBasedPizza.LoyaltyPoints.Internal", "src\PlantBasedPizza.LoyaltyPoint\application\PlantBasedPizza.LoyaltyPoints.Internal\PlantBasedPizza.LoyaltyPoints.Internal.csproj", "{895890F6-C265-4386-A9D6-BE939997AAF7}"
EndProject
Project("{FAE04EC0-301F-11D3-BF4B-00C04F79EFBC}") = "PlantBasedPizza.LoyaltyPoints.Shared", "src\PlantBasedPizza.LoyaltyPoint\application\PlantBasedPizza.LoyaltyPoints.Shared\PlantBasedPizza.LoyaltyPoints.Shared.csproj", "{44669EE7-3637-4785-85D0-54705419052F}"
EndProject
Project("{FAE04EC0-301F-11D3-BF4B-00C04F79EFBC}") = "PlantBasedPizza.LoyaltyPoints.UnitTest", "src\PlantBasedPizza.LoyaltyPoint\tests\PlantBasedPizza.LoyaltyPoints.UnitTest\PlantBasedPizza.LoyaltyPoints.UnitTest.csproj", "{46E3E96D-DD24-4B08-9369-005E9C7E668D}"
EndProject
Project("{FAE04EC0-301F-11D3-BF4B-00C04F79EFBC}") = "PlantBasedPizza.LoyaltyPoints.IntegrationTest", "src\PlantBasedPizza.LoyaltyPoint\tests\PlantBasedPizza.LoyaltyPoints.IntegrationTest\PlantBasedPizza.LoyaltyPoints.IntegrationTest.csproj", "{A42CF5A6-0739-46D9-8454-B0A79FF0FFE9}"
EndProject
Project("{2150E333-8FDC-42A3-9474-1A3956D46DE8}") = "PlantBasedPizza.Recipe", "PlantBasedPizza.Recipe", "{C7F6E63C-5065-4AE1-86B2-C62051530E5D}"
EndProject
Project("{2150E333-8FDC-42A3-9474-1A3956D46DE8}") = "application", "application", "{A50E1702-B0B2-4317-BF1B-31FEEEF29E52}"
EndProject
Project("{2150E333-8FDC-42A3-9474-1A3956D46DE8}") = "tests", "tests", "{9CE30B48-9A61-4C31-891F-A36161282CA4}"
EndProject
Project("{FAE04EC0-301F-11D3-BF4B-00C04F79EFBC}") = "PlantBasedPizza.Deliver.Core", "src\PlantBasedPizza.Deliver\application\PlantBasedPizza.Deliver.Core\PlantBasedPizza.Deliver.Core.csproj", "{F25F535A-C052-4BD8-A2BB-A6DD2F343E7B}"
EndProject
Project("{FAE04EC0-301F-11D3-BF4B-00C04F79EFBC}") = "PlantBasedPizza.Deliver.Infrastructure", "src\PlantBasedPizza.Deliver\application\PlantBasedPizza.Deliver.Infrastructure\PlantBasedPizza.Deliver.Infrastructure.csproj", "{97D64881-C2FB-492F-991C-871459344B83}"
EndProject
Project("{2150E333-8FDC-42A3-9474-1A3956D46DE8}") = "application", "application", "{D281EF5C-BD32-49E8-9395-D74FCAA5127E}"
EndProject
Project("{2150E333-8FDC-42A3-9474-1A3956D46DE8}") = "tests", "tests", "{FABEA291-16DD-47E4-9656-4B3324683ED5}"
EndProject
Project("{FAE04EC0-301F-11D3-BF4B-00C04F79EFBC}") = "PlantBasedPizza.Kitchen.Core", "src\PlantBasedPizza.Kitchen\application\PlantBasedPizza.Kitchen.Core\PlantBasedPizza.Kitchen.Core.csproj", "{6A4340FB-99D5-43D8-890B-6DA7AC531E05}"
EndProject
Project("{FAE04EC0-301F-11D3-BF4B-00C04F79EFBC}") = "PlantBasedPizza.Kitchen.Infrastructure", "src\PlantBasedPizza.Kitchen\application\PlantBasedPizza.Kitchen.Infrastructure\PlantBasedPizza.Kitchen.Infrastructure.csproj", "{AF455150-5C04-447D-BF75-CA69C00F5647}"
EndProject
Project("{2150E333-8FDC-42A3-9474-1A3956D46DE8}") = "application", "application", "{0B52ACEE-7C7F-4542-A372-044D69D61A0F}"
EndProject
Project("{2150E333-8FDC-42A3-9474-1A3956D46DE8}") = "tests", "tests", "{92182D15-66D2-472F-9C90-745E3822CE45}"
EndProject
Project("{FAE04EC0-301F-11D3-BF4B-00C04F79EFBC}") = "PlantBasedPizza.Order.Core", "src\PlantBasedPizza.Order\application\PlantBasedPizza.Order.Core\PlantBasedPizza.Order.Core.csproj", "{FA71697B-6696-4554-97B1-4B72FE7A72C0}"
EndProject
Project("{FAE04EC0-301F-11D3-BF4B-00C04F79EFBC}") = "PlantBasedPizza.Order.Infrastructure", "src\PlantBasedPizza.Order\application\PlantBasedPizza.Order.Infrastructure\PlantBasedPizza.Order.Infrastructure.csproj", "{2A2B2E8B-4396-4413-B106-8A9579CED09B}"
EndProject
Project("{2150E333-8FDC-42A3-9474-1A3956D46DE8}") = "application", "application", "{2EDDA31F-5812-4741-885B-7B73F9B863F1}"
EndProject
Project("{2150E333-8FDC-42A3-9474-1A3956D46DE8}") = "tests", "tests", "{077DC59F-4BAA-4F74-B6B4-9E357B3EB1B7}"
EndProject
Project("{FAE04EC0-301F-11D3-BF4B-00C04F79EFBC}") = "PlantBasedPizza.Recipes.Core", "src\PlantBasedPizza.Recipe\application\PlantBasedPizza.Recipes.Core\PlantBasedPizza.Recipes.Core.csproj", "{4B291C53-1DB2-4410-9525-92496CEB492A}"
EndProject
Project("{FAE04EC0-301F-11D3-BF4B-00C04F79EFBC}") = "PlantBasedPizza.Recipes.Infrastructure", "src\PlantBasedPizza.Recipe\application\PlantBasedPizza.Recipes.Infrastructure\PlantBasedPizza.Recipes.Infrastructure.csproj", "{5FEE3E08-7781-49CA-8FE1-E31F5480FDC7}"
EndProject
Global
	GlobalSection(SolutionConfigurationPlatforms) = preSolution
		Debug|Any CPU = Debug|Any CPU
		Release|Any CPU = Release|Any CPU
	EndGlobalSection
	GlobalSection(ProjectConfigurationPlatforms) = postSolution
		{8C5FBC6B-46F5-4DEF-B88E-4B91A7C9F948}.Debug|Any CPU.ActiveCfg = Debug|Any CPU
		{8C5FBC6B-46F5-4DEF-B88E-4B91A7C9F948}.Debug|Any CPU.Build.0 = Debug|Any CPU
		{8C5FBC6B-46F5-4DEF-B88E-4B91A7C9F948}.Release|Any CPU.ActiveCfg = Release|Any CPU
		{8C5FBC6B-46F5-4DEF-B88E-4B91A7C9F948}.Release|Any CPU.Build.0 = Release|Any CPU
		{1D31E1EE-BA79-4423-AEC4-EF77D6DB7E35}.Debug|Any CPU.ActiveCfg = Debug|Any CPU
		{1D31E1EE-BA79-4423-AEC4-EF77D6DB7E35}.Debug|Any CPU.Build.0 = Debug|Any CPU
		{1D31E1EE-BA79-4423-AEC4-EF77D6DB7E35}.Release|Any CPU.ActiveCfg = Release|Any CPU
		{1D31E1EE-BA79-4423-AEC4-EF77D6DB7E35}.Release|Any CPU.Build.0 = Release|Any CPU
		{56F9B42E-E202-4DFE-B047-F94CB0453544}.Debug|Any CPU.ActiveCfg = Debug|Any CPU
		{56F9B42E-E202-4DFE-B047-F94CB0453544}.Debug|Any CPU.Build.0 = Debug|Any CPU
		{56F9B42E-E202-4DFE-B047-F94CB0453544}.Release|Any CPU.ActiveCfg = Release|Any CPU
		{56F9B42E-E202-4DFE-B047-F94CB0453544}.Release|Any CPU.Build.0 = Release|Any CPU
		{1394E9DE-31A2-42AB-81A2-D39462BB9A97}.Debug|Any CPU.ActiveCfg = Debug|Any CPU
		{1394E9DE-31A2-42AB-81A2-D39462BB9A97}.Debug|Any CPU.Build.0 = Debug|Any CPU
		{1394E9DE-31A2-42AB-81A2-D39462BB9A97}.Release|Any CPU.ActiveCfg = Release|Any CPU
		{1394E9DE-31A2-42AB-81A2-D39462BB9A97}.Release|Any CPU.Build.0 = Release|Any CPU
		{32F9E727-117F-4917-A53E-6580DA5409ED}.Debug|Any CPU.ActiveCfg = Debug|Any CPU
		{32F9E727-117F-4917-A53E-6580DA5409ED}.Debug|Any CPU.Build.0 = Debug|Any CPU
		{32F9E727-117F-4917-A53E-6580DA5409ED}.Release|Any CPU.ActiveCfg = Release|Any CPU
		{32F9E727-117F-4917-A53E-6580DA5409ED}.Release|Any CPU.Build.0 = Release|Any CPU
		{B5B16674-89A8-4B1D-A635-2DCB1FD98556}.Debug|Any CPU.ActiveCfg = Debug|Any CPU
		{B5B16674-89A8-4B1D-A635-2DCB1FD98556}.Debug|Any CPU.Build.0 = Debug|Any CPU
		{B5B16674-89A8-4B1D-A635-2DCB1FD98556}.Release|Any CPU.ActiveCfg = Release|Any CPU
		{B5B16674-89A8-4B1D-A635-2DCB1FD98556}.Release|Any CPU.Build.0 = Release|Any CPU
		{E497A200-91BA-41B0-8D64-17172D7A5369}.Debug|Any CPU.ActiveCfg = Debug|Any CPU
		{E497A200-91BA-41B0-8D64-17172D7A5369}.Debug|Any CPU.Build.0 = Debug|Any CPU
		{E497A200-91BA-41B0-8D64-17172D7A5369}.Release|Any CPU.ActiveCfg = Release|Any CPU
		{E497A200-91BA-41B0-8D64-17172D7A5369}.Release|Any CPU.Build.0 = Release|Any CPU
		{8DF0D28E-02DE-4FB9-9745-79049BB01724}.Debug|Any CPU.ActiveCfg = Debug|Any CPU
		{8DF0D28E-02DE-4FB9-9745-79049BB01724}.Debug|Any CPU.Build.0 = Debug|Any CPU
		{8DF0D28E-02DE-4FB9-9745-79049BB01724}.Release|Any CPU.ActiveCfg = Release|Any CPU
		{8DF0D28E-02DE-4FB9-9745-79049BB01724}.Release|Any CPU.Build.0 = Release|Any CPU
		{29589814-ED48-44A7-9103-E23FCF191563}.Debug|Any CPU.ActiveCfg = Debug|Any CPU
		{29589814-ED48-44A7-9103-E23FCF191563}.Debug|Any CPU.Build.0 = Debug|Any CPU
		{29589814-ED48-44A7-9103-E23FCF191563}.Release|Any CPU.ActiveCfg = Release|Any CPU
		{29589814-ED48-44A7-9103-E23FCF191563}.Release|Any CPU.Build.0 = Release|Any CPU
		{59450B77-8E81-4BF5-85A0-27F07C796662}.Debug|Any CPU.ActiveCfg = Debug|Any CPU
		{59450B77-8E81-4BF5-85A0-27F07C796662}.Debug|Any CPU.Build.0 = Debug|Any CPU
		{59450B77-8E81-4BF5-85A0-27F07C796662}.Release|Any CPU.ActiveCfg = Release|Any CPU
		{59450B77-8E81-4BF5-85A0-27F07C796662}.Release|Any CPU.Build.0 = Release|Any CPU
		{895890F6-C265-4386-A9D6-BE939997AAF7}.Debug|Any CPU.ActiveCfg = Debug|Any CPU
		{895890F6-C265-4386-A9D6-BE939997AAF7}.Debug|Any CPU.Build.0 = Debug|Any CPU
		{895890F6-C265-4386-A9D6-BE939997AAF7}.Release|Any CPU.ActiveCfg = Release|Any CPU
		{895890F6-C265-4386-A9D6-BE939997AAF7}.Release|Any CPU.Build.0 = Release|Any CPU
		{44669EE7-3637-4785-85D0-54705419052F}.Debug|Any CPU.ActiveCfg = Debug|Any CPU
		{44669EE7-3637-4785-85D0-54705419052F}.Debug|Any CPU.Build.0 = Debug|Any CPU
		{44669EE7-3637-4785-85D0-54705419052F}.Release|Any CPU.ActiveCfg = Release|Any CPU
		{44669EE7-3637-4785-85D0-54705419052F}.Release|Any CPU.Build.0 = Release|Any CPU
		{46E3E96D-DD24-4B08-9369-005E9C7E668D}.Debug|Any CPU.ActiveCfg = Debug|Any CPU
		{46E3E96D-DD24-4B08-9369-005E9C7E668D}.Debug|Any CPU.Build.0 = Debug|Any CPU
		{46E3E96D-DD24-4B08-9369-005E9C7E668D}.Release|Any CPU.ActiveCfg = Release|Any CPU
		{46E3E96D-DD24-4B08-9369-005E9C7E668D}.Release|Any CPU.Build.0 = Release|Any CPU
		{A42CF5A6-0739-46D9-8454-B0A79FF0FFE9}.Debug|Any CPU.ActiveCfg = Debug|Any CPU
		{A42CF5A6-0739-46D9-8454-B0A79FF0FFE9}.Debug|Any CPU.Build.0 = Debug|Any CPU
		{A42CF5A6-0739-46D9-8454-B0A79FF0FFE9}.Release|Any CPU.ActiveCfg = Release|Any CPU
		{A42CF5A6-0739-46D9-8454-B0A79FF0FFE9}.Release|Any CPU.Build.0 = Release|Any CPU
		{F25F535A-C052-4BD8-A2BB-A6DD2F343E7B}.Debug|Any CPU.ActiveCfg = Debug|Any CPU
		{F25F535A-C052-4BD8-A2BB-A6DD2F343E7B}.Debug|Any CPU.Build.0 = Debug|Any CPU
		{F25F535A-C052-4BD8-A2BB-A6DD2F343E7B}.Release|Any CPU.ActiveCfg = Release|Any CPU
		{F25F535A-C052-4BD8-A2BB-A6DD2F343E7B}.Release|Any CPU.Build.0 = Release|Any CPU
		{97D64881-C2FB-492F-991C-871459344B83}.Debug|Any CPU.ActiveCfg = Debug|Any CPU
		{97D64881-C2FB-492F-991C-871459344B83}.Debug|Any CPU.Build.0 = Debug|Any CPU
		{97D64881-C2FB-492F-991C-871459344B83}.Release|Any CPU.ActiveCfg = Release|Any CPU
		{97D64881-C2FB-492F-991C-871459344B83}.Release|Any CPU.Build.0 = Release|Any CPU
		{6A4340FB-99D5-43D8-890B-6DA7AC531E05}.Debug|Any CPU.ActiveCfg = Debug|Any CPU
		{6A4340FB-99D5-43D8-890B-6DA7AC531E05}.Debug|Any CPU.Build.0 = Debug|Any CPU
		{6A4340FB-99D5-43D8-890B-6DA7AC531E05}.Release|Any CPU.ActiveCfg = Release|Any CPU
		{6A4340FB-99D5-43D8-890B-6DA7AC531E05}.Release|Any CPU.Build.0 = Release|Any CPU
		{AF455150-5C04-447D-BF75-CA69C00F5647}.Debug|Any CPU.ActiveCfg = Debug|Any CPU
		{AF455150-5C04-447D-BF75-CA69C00F5647}.Debug|Any CPU.Build.0 = Debug|Any CPU
		{AF455150-5C04-447D-BF75-CA69C00F5647}.Release|Any CPU.ActiveCfg = Release|Any CPU
		{AF455150-5C04-447D-BF75-CA69C00F5647}.Release|Any CPU.Build.0 = Release|Any CPU
		{FA71697B-6696-4554-97B1-4B72FE7A72C0}.Debug|Any CPU.ActiveCfg = Debug|Any CPU
		{FA71697B-6696-4554-97B1-4B72FE7A72C0}.Debug|Any CPU.Build.0 = Debug|Any CPU
		{FA71697B-6696-4554-97B1-4B72FE7A72C0}.Release|Any CPU.ActiveCfg = Release|Any CPU
		{FA71697B-6696-4554-97B1-4B72FE7A72C0}.Release|Any CPU.Build.0 = Release|Any CPU
		{2A2B2E8B-4396-4413-B106-8A9579CED09B}.Debug|Any CPU.ActiveCfg = Debug|Any CPU
		{2A2B2E8B-4396-4413-B106-8A9579CED09B}.Debug|Any CPU.Build.0 = Debug|Any CPU
		{2A2B2E8B-4396-4413-B106-8A9579CED09B}.Release|Any CPU.ActiveCfg = Release|Any CPU
		{2A2B2E8B-4396-4413-B106-8A9579CED09B}.Release|Any CPU.Build.0 = Release|Any CPU
		{4B291C53-1DB2-4410-9525-92496CEB492A}.Debug|Any CPU.ActiveCfg = Debug|Any CPU
		{4B291C53-1DB2-4410-9525-92496CEB492A}.Debug|Any CPU.Build.0 = Debug|Any CPU
		{4B291C53-1DB2-4410-9525-92496CEB492A}.Release|Any CPU.ActiveCfg = Release|Any CPU
		{4B291C53-1DB2-4410-9525-92496CEB492A}.Release|Any CPU.Build.0 = Release|Any CPU
		{5FEE3E08-7781-49CA-8FE1-E31F5480FDC7}.Debug|Any CPU.ActiveCfg = Debug|Any CPU
		{5FEE3E08-7781-49CA-8FE1-E31F5480FDC7}.Debug|Any CPU.Build.0 = Debug|Any CPU
		{5FEE3E08-7781-49CA-8FE1-E31F5480FDC7}.Release|Any CPU.ActiveCfg = Release|Any CPU
		{5FEE3E08-7781-49CA-8FE1-E31F5480FDC7}.Release|Any CPU.Build.0 = Release|Any CPU
	EndGlobalSection
	GlobalSection(SolutionProperties) = preSolution
		HideSolutionNode = FALSE
	EndGlobalSection
	GlobalSection(NestedProjects) = preSolution
		{802E6FDE-5497-4892-BAFA-E6717D319A7E} = {A027B923-31E9-4DFD-BBEA-05D41198E10D}
		{01106533-A66A-4E29-879D-E67049BEC089} = {A027B923-31E9-4DFD-BBEA-05D41198E10D}
		{A57E8457-0DAF-4A55-AFCF-D408D28046B4} = {A027B923-31E9-4DFD-BBEA-05D41198E10D}
		{DCB7DD76-79B2-48D9-A89A-43396DD29570} = {802E6FDE-5497-4892-BAFA-E6717D319A7E}
		{0E8F0507-7C0C-4B8C-A857-8DFC192D98DA} = {802E6FDE-5497-4892-BAFA-E6717D319A7E}
		{1D9178B4-39BE-414C-A8B2-A31EB57243A8} = {802E6FDE-5497-4892-BAFA-E6717D319A7E}
		{8C5FBC6B-46F5-4DEF-B88E-4B91A7C9F948} = {DCB7DD76-79B2-48D9-A89A-43396DD29570}
		{F5A6784E-4EC3-4999-8BBA-524A7D00BFAF} = {0E8F0507-7C0C-4B8C-A857-8DFC192D98DA}
		{60A5A3C7-F558-4416-B48F-2F3F77D85F23} = {F5A6784E-4EC3-4999-8BBA-524A7D00BFAF}
		{1D31E1EE-BA79-4423-AEC4-EF77D6DB7E35} = {1D9178B4-39BE-414C-A8B2-A31EB57243A8}
		{56F9B42E-E202-4DFE-B047-F94CB0453544} = {1D9178B4-39BE-414C-A8B2-A31EB57243A8}
		{FC459DDB-9057-4373-9A62-8FE0D66DE7F6} = {01106533-A66A-4E29-879D-E67049BEC089}
		{A0814186-477B-482D-A951-13455918419D} = {B4BE1337-E069-4256-B95C-E70619A630A5}
		{9CDFE238-BCE3-4A9F-A354-D4B9AE7674F8} = {A027B923-31E9-4DFD-BBEA-05D41198E10D}
		{1394E9DE-31A2-42AB-81A2-D39462BB9A97} = {9CDFE238-BCE3-4A9F-A354-D4B9AE7674F8}
		{A5B911CA-1417-41E6-9ED1-DBBF3CDD02DA} = {A027B923-31E9-4DFD-BBEA-05D41198E10D}
		{0CC60E02-EF4C-44BE-8BF2-FDE3A04EC36E} = {A5B911CA-1417-41E6-9ED1-DBBF3CDD02DA}
		{32F9E727-117F-4917-A53E-6580DA5409ED} = {0CC60E02-EF4C-44BE-8BF2-FDE3A04EC36E}
		{ECFC9D10-B0F2-43C9-BCAD-86B9B561C23F} = {0E8F0507-7C0C-4B8C-A857-8DFC192D98DA}
		{A36A84A7-7A64-4201-BB6D-2319D50C3283} = {ECFC9D10-B0F2-43C9-BCAD-86B9B561C23F}
		{A8A9E2C9-DD60-45C1-8896-E2C92273E947} = {A027B923-31E9-4DFD-BBEA-05D41198E10D}
		{87435669-0B21-4173-A6C0-B72D010BE321} = {01106533-A66A-4E29-879D-E67049BEC089}
		{2F8167C3-6736-482C-A704-3B474194A34F} = {A5B911CA-1417-41E6-9ED1-DBBF3CDD02DA}
		{B5B16674-89A8-4B1D-A635-2DCB1FD98556} = {2F8167C3-6736-482C-A704-3B474194A34F}
		{A698F019-D47D-4F65-8175-94B9C2BDE336} = {A57E8457-0DAF-4A55-AFCF-D408D28046B4}
		{5D42F8A8-A9BC-46D3-BC01-5A6153FC59C5} = {A57E8457-0DAF-4A55-AFCF-D408D28046B4}
		{E497A200-91BA-41B0-8D64-17172D7A5369} = {5D42F8A8-A9BC-46D3-BC01-5A6153FC59C5}
		{8DF0D28E-02DE-4FB9-9745-79049BB01724} = {5D42F8A8-A9BC-46D3-BC01-5A6153FC59C5}
		{29589814-ED48-44A7-9103-E23FCF191563} = {A698F019-D47D-4F65-8175-94B9C2BDE336}
		{7FB69242-37C6-4C90-A1BD-3CF56D162554} = {A027B923-31E9-4DFD-BBEA-05D41198E10D}
		{E6FFA17B-3A4A-4484-9FDB-1BADC7397389} = {A027B923-31E9-4DFD-BBEA-05D41198E10D}
		{59450B77-8E81-4BF5-85A0-27F07C796662} = {87435669-0B21-4173-A6C0-B72D010BE321}
		{895890F6-C265-4386-A9D6-BE939997AAF7} = {87435669-0B21-4173-A6C0-B72D010BE321}
		{44669EE7-3637-4785-85D0-54705419052F} = {87435669-0B21-4173-A6C0-B72D010BE321}
		{46E3E96D-DD24-4B08-9369-005E9C7E668D} = {FC459DDB-9057-4373-9A62-8FE0D66DE7F6}
		{A42CF5A6-0739-46D9-8454-B0A79FF0FFE9} = {FC459DDB-9057-4373-9A62-8FE0D66DE7F6}
		{C7F6E63C-5065-4AE1-86B2-C62051530E5D} = {A027B923-31E9-4DFD-BBEA-05D41198E10D}
		{A50E1702-B0B2-4317-BF1B-31FEEEF29E52} = {7FB69242-37C6-4C90-A1BD-3CF56D162554}
		{9CE30B48-9A61-4C31-891F-A36161282CA4} = {7FB69242-37C6-4C90-A1BD-3CF56D162554}
		{F25F535A-C052-4BD8-A2BB-A6DD2F343E7B} = {A50E1702-B0B2-4317-BF1B-31FEEEF29E52}
		{97D64881-C2FB-492F-991C-871459344B83} = {A50E1702-B0B2-4317-BF1B-31FEEEF29E52}
		{D281EF5C-BD32-49E8-9395-D74FCAA5127E} = {A8A9E2C9-DD60-45C1-8896-E2C92273E947}
		{FABEA291-16DD-47E4-9656-4B3324683ED5} = {A8A9E2C9-DD60-45C1-8896-E2C92273E947}
		{6A4340FB-99D5-43D8-890B-6DA7AC531E05} = {D281EF5C-BD32-49E8-9395-D74FCAA5127E}
		{AF455150-5C04-447D-BF75-CA69C00F5647} = {D281EF5C-BD32-49E8-9395-D74FCAA5127E}
		{0B52ACEE-7C7F-4542-A372-044D69D61A0F} = {E6FFA17B-3A4A-4484-9FDB-1BADC7397389}
		{92182D15-66D2-472F-9C90-745E3822CE45} = {E6FFA17B-3A4A-4484-9FDB-1BADC7397389}
		{FA71697B-6696-4554-97B1-4B72FE7A72C0} = {0B52ACEE-7C7F-4542-A372-044D69D61A0F}
		{2A2B2E8B-4396-4413-B106-8A9579CED09B} = {0B52ACEE-7C7F-4542-A372-044D69D61A0F}
		{2EDDA31F-5812-4741-885B-7B73F9B863F1} = {C7F6E63C-5065-4AE1-86B2-C62051530E5D}
		{077DC59F-4BAA-4F74-B6B4-9E357B3EB1B7} = {C7F6E63C-5065-4AE1-86B2-C62051530E5D}
		{4B291C53-1DB2-4410-9525-92496CEB492A} = {2EDDA31F-5812-4741-885B-7B73F9B863F1}
		{5FEE3E08-7781-49CA-8FE1-E31F5480FDC7} = {2EDDA31F-5812-4741-885B-7B73F9B863F1}
	EndGlobalSection
EndGlobal
