
Microsoft Visual Studio Solution File, Format Version 12.00
# Visual Studio Version 17
VisualStudioVersion = 17.10.35027.167
MinimumVisualStudioVersion = 10.0.40219.1
Project("{2150E333-8FDC-42A3-9474-1A3956D46DE8}") = "Solution.Items", "Solution.Items", "{B4BE1337-E069-4256-B95C-E70619A630A5}"
	ProjectSection(SolutionItems) = preProject
		.gitignore = .gitignore
		acceptance.sh = acceptance.sh
		commit.sh = commit.sh
		docker-compose.yml = docker-compose.yml
		index.json = index.json
		PlantBasedPizza.postman_collection.json = PlantBasedPizza.postman_collection.json
		README.md = README.md
	EndProjectSection
EndProject
Project("{2150E333-8FDC-42A3-9474-1A3956D46DE8}") = "src", "src", "{A027B923-31E9-4DFD-BBEA-05D41198E10D}"
EndProject
Project("{2150E333-8FDC-42A3-9474-1A3956D46DE8}") = "PlantBasedPizza.Api", "PlantBasedPizza.Api", "{802E6FDE-5497-4892-BAFA-E6717D319A7E}"
EndProject
Project("{2150E333-8FDC-42A3-9474-1A3956D46DE8}") = "PlantBasedPizza.LoyaltyPoints", "PlantBasedPizza.LoyaltyPoints", "{01106533-A66A-4E29-879D-E67049BEC089}"
EndProject
Project("{2150E333-8FDC-42A3-9474-1A3956D46DE8}") = "Shared", "Shared", "{A57E8457-0DAF-4A55-AFCF-D408D28046B4}"
EndProject
Project("{2150E333-8FDC-42A3-9474-1A3956D46DE8}") = "application", "application", "{DCB7DD76-79B2-48D9-A89A-43396DD29570}"
	ProjectSection(SolutionItems) = preProject
		src\PlantBasedPizza.Api\application\samconfig.toml = src\PlantBasedPizza.Api\application\samconfig.toml
		src\PlantBasedPizza.Api\application\template.yaml = src\PlantBasedPizza.Api\application\template.yaml
	EndProjectSection
EndProject
Project("{2150E333-8FDC-42A3-9474-1A3956D46DE8}") = "mocks", "mocks", "{0E8F0507-7C0C-4B8C-A857-8DFC192D98DA}"
EndProject
Project("{2150E333-8FDC-42A3-9474-1A3956D46DE8}") = "modules", "modules", "{3FAE375A-6367-4219-8A0B-19A33C327818}"
EndProject
Project("{2150E333-8FDC-42A3-9474-1A3956D46DE8}") = "tests", "tests", "{1D9178B4-39BE-414C-A8B2-A31EB57243A8}"
EndProject
Project("{9A19103F-16F7-4668-BE54-9A1E7A4F7556}") = "PlantBasedPizza.Api", "src\PlantBasedPizza.Api\application\PlantBasedPizza.Api\PlantBasedPizza.Api.csproj", "{8C5FBC6B-46F5-4DEF-B88E-4B91A7C9F948}"
EndProject
Project("{2150E333-8FDC-42A3-9474-1A3956D46DE8}") = "loyalty-api", "loyalty-api", "{F5A6784E-4EC3-4999-8BBA-524A7D00BFAF}"
EndProject
Project("{2150E333-8FDC-42A3-9474-1A3956D46DE8}") = "mappings", "mappings", "{60A5A3C7-F558-4416-B48F-2F3F77D85F23}"
	ProjectSection(SolutionItems) = preProject
		src\PlantBasedPizza.Api\mocks\loyalty-api\mappings\add-loyalty-points.json = src\PlantBasedPizza.Api\mocks\loyalty-api\mappings\add-loyalty-points.json
		src\PlantBasedPizza.Api\mocks\loyalty-api\mappings\health.json = src\PlantBasedPizza.Api\mocks\loyalty-api\mappings\health.json
	EndProjectSection
EndProject
Project("{2150E333-8FDC-42A3-9474-1A3956D46DE8}") = "deliver", "deliver", "{B739D00E-E047-467E-BFB2-58D879F4ED42}"
EndProject
Project("{2150E333-8FDC-42A3-9474-1A3956D46DE8}") = "kitchen", "kitchen", "{D781542B-3B37-47B3-87EC-41FCE2DBB4DD}"
EndProject
Project("{2150E333-8FDC-42A3-9474-1A3956D46DE8}") = "order-manager", "order-manager", "{4AAC60CE-B85B-464A-B8F0-5E316025CDEA}"
EndProject
Project("{2150E333-8FDC-42A3-9474-1A3956D46DE8}") = "recipes", "recipes", "{A00A9A55-E6B0-405E-A192-57D97344296D}"
EndProject
Project("{9A19103F-16F7-4668-BE54-9A1E7A4F7556}") = "PlantBasedPizza.Deliver.Core", "src\PlantBasedPizza.Api\modules\deliver\PlantBasedPizza.Deliver.Core\PlantBasedPizza.Deliver.Core.csproj", "{B8AD366D-8DE6-4780-AD17-536D1B3D69CA}"
EndProject
Project("{9A19103F-16F7-4668-BE54-9A1E7A4F7556}") = "PlantBasedPizza.Deliver.Infrastructure", "src\PlantBasedPizza.Api\modules\deliver\PlantBasedPizza.Deliver.Infrastructure\PlantBasedPizza.Deliver.Infrastructure.csproj", "{8AA4709B-67D0-44BA-8988-D19478AC9A5B}"
EndProject
Project("{9A19103F-16F7-4668-BE54-9A1E7A4F7556}") = "PlantBasedPizza.Kitchen.Core", "src\PlantBasedPizza.Api\modules\kitchen\PlantBasedPizza.Kitchen.Core\PlantBasedPizza.Kitchen.Core.csproj", "{94EB0B68-7E3E-4F08-8BAF-4B87254A44BD}"
EndProject
Project("{9A19103F-16F7-4668-BE54-9A1E7A4F7556}") = "PlantBasedPizza.Kitchen.Infrastructure", "src\PlantBasedPizza.Api\modules\kitchen\PlantBasedPizza.Kitchen.Infrastructure\PlantBasedPizza.Kitchen.Infrastructure.csproj", "{18F5D76D-97B8-464C-BCA2-73450E3329B9}"
EndProject
Project("{9A19103F-16F7-4668-BE54-9A1E7A4F7556}") = "PlantBasedPizza.OrderManager.Core", "src\PlantBasedPizza.Api\modules\order-manager\PlantBasedPizza.OrderManager.Core\PlantBasedPizza.OrderManager.Core.csproj", "{53AD3F28-7F0B-4D1D-A379-713860816782}"
EndProject
Project("{9A19103F-16F7-4668-BE54-9A1E7A4F7556}") = "PlantBasedPizza.OrderManager.Infrastructure", "src\PlantBasedPizza.Api\modules\order-manager\PlantBasedPizza.OrderManager.Infrastructure\PlantBasedPizza.OrderManager.Infrastructure.csproj", "{8CA66692-6885-416F-B299-4D1F0FF4016C}"
EndProject
Project("{9A19103F-16F7-4668-BE54-9A1E7A4F7556}") = "PlantBasedPizza.Recipes.Core", "src\PlantBasedPizza.Api\modules\recipes\PlantBasedPizza.Recipes.Core\PlantBasedPizza.Recipes.Core.csproj", "{FC380039-37EC-4570-AAF2-9A4322271EAA}"
EndProject
Project("{9A19103F-16F7-4668-BE54-9A1E7A4F7556}") = "PlantBasedPizza.Recipes.Infrastructure", "src\PlantBasedPizza.Api\modules\recipes\PlantBasedPizza.Recipes.Infrastructure\PlantBasedPizza.Recipes.Infrastructure.csproj", "{CD7D6ECE-AC98-4CF0-A3B4-44DB3275FA0D}"
EndProject
Project("{9A19103F-16F7-4668-BE54-9A1E7A4F7556}") = "PlantBasedPizza.IntegrationTests", "src\PlantBasedPizza.Api\tests\PlantBasedPizza.IntegrationTests\PlantBasedPizza.IntegrationTests.csproj", "{1D31E1EE-BA79-4423-AEC4-EF77D6DB7E35}"
EndProject
Project("{9A19103F-16F7-4668-BE54-9A1E7A4F7556}") = "PlantBasedPizza.UnitTest", "src\PlantBasedPizza.Api\tests\PlantBasedPizza.UnitTest\PlantBasedPizza.UnitTest.csproj", "{56F9B42E-E202-4DFE-B047-F94CB0453544}"
EndProject
Project("{2150E333-8FDC-42A3-9474-1A3956D46DE8}") = "tests", "tests", "{FC459DDB-9057-4373-9A62-8FE0D66DE7F6}"
EndProject
Project("{9A19103F-16F7-4668-BE54-9A1E7A4F7556}") = "PlantBasedPizza.LoyaltyPoints.IntegrationTest", "src\PlantBasedPizza.LoyaltyPoints\tests\PlantBasedPizza.LoyaltyPoints.IntegrationTest\PlantBasedPizza.LoyaltyPoints.IntegrationTest.csproj", "{53BD5CA1-6813-4513-8014-E02B6F932ED7}"
EndProject
Project("{9A19103F-16F7-4668-BE54-9A1E7A4F7556}") = "PlantBasedPizza.LoyaltyPoints.UnitTest", "src\PlantBasedPizza.LoyaltyPoints\tests\PlantBasedPizza.LoyaltyPoints.UnitTest\PlantBasedPizza.LoyaltyPoints.UnitTest.csproj", "{CF5E0196-18B4-425B-B4C9-FAB96281A897}"
EndProject
Project("{9A19103F-16F7-4668-BE54-9A1E7A4F7556}") = "PlantBasedPizza.Events", "src\Shared\PlantBasedPizza.Events\PlantBasedPizza.Events.csproj", "{2B7A8F3E-0EA3-4014-B718-FDC9B85819F1}"
EndProject
Project("{9A19103F-16F7-4668-BE54-9A1E7A4F7556}") = "PlantBasedPizza.Shared", "src\Shared\PlantBasedPizza.Shared\PlantBasedPizza.Shared.csproj", "{8C4E3FF6-BEDF-487F-96DE-39BD3E9948C7}"
EndProject
Project("{2150E333-8FDC-42A3-9474-1A3956D46DE8}") = "nginx", "nginx", "{A0814186-477B-482D-A951-13455918419D}"
	ProjectSection(SolutionItems) = preProject
		nginx\nginx-custom.conf = nginx\nginx-custom.conf
	EndProjectSection
EndProject
Project("{2150E333-8FDC-42A3-9474-1A3956D46DE8}") = "Tests", "Tests", "{9CDFE238-BCE3-4A9F-A354-D4B9AE7674F8}"
EndProject
Project("{FAE04EC0-301F-11D3-BF4B-00C04F79EFBC}") = "PlantBasedPizza.E2ETests", "src\Tests\PlantBasedPizza.E2ETests\PlantBasedPizza.E2ETests.csproj", "{1394E9DE-31A2-42AB-81A2-D39462BB9A97}"
EndProject
Project("{FAE04EC0-301F-11D3-BF4B-00C04F79EFBC}") = "PlantBasedPizza.LoyaltyPoints.Shared", "src\PlantBasedPizza.LoyaltyPoints\PlantBasedPizza.LoyaltyPoints.Shared\PlantBasedPizza.LoyaltyPoints.Shared.csproj", "{FFFDCFDB-BFED-4727-BDE1-B3B513CF2356}"
EndProject
Project("{FAE04EC0-301F-11D3-BF4B-00C04F79EFBC}") = "PlantBasedPizza.LoyaltyPoints", "src\PlantBasedPizza.LoyaltyPoints\PlantBasedPizza.LoyaltyPoints\PlantBasedPizza.LoyaltyPoints.csproj", "{9D0042B9-2F38-4BD2-85A9-E18480092C61}"
EndProject
Project("{FAE04EC0-301F-11D3-BF4B-00C04F79EFBC}") = "PlantBasedPizza.LoyaltyPoints.Internal", "src\PlantBasedPizza.LoyaltyPoints\PlantBasedPizza.LoyaltyPoints.Internal\PlantBasedPizza.LoyaltyPoints.Internal.csproj", "{A2D81088-0E26-4FD3-B77C-0FBF83BE9C37}"
EndProject
Global
	GlobalSection(SolutionConfigurationPlatforms) = preSolution
		Debug|Any CPU = Debug|Any CPU
		Release|Any CPU = Release|Any CPU
	EndGlobalSection
	GlobalSection(ProjectConfigurationPlatforms) = postSolution
		{8C5FBC6B-46F5-4DEF-B88E-4B91A7C9F948}.Debug|Any CPU.ActiveCfg = Debug|Any CPU
		{8C5FBC6B-46F5-4DEF-B88E-4B91A7C9F948}.Debug|Any CPU.Build.0 = Debug|Any CPU
		{8C5FBC6B-46F5-4DEF-B88E-4B91A7C9F948}.Release|Any CPU.ActiveCfg = Release|Any CPU
		{8C5FBC6B-46F5-4DEF-B88E-4B91A7C9F948}.Release|Any CPU.Build.0 = Release|Any CPU
		{B8AD366D-8DE6-4780-AD17-536D1B3D69CA}.Debug|Any CPU.ActiveCfg = Debug|Any CPU
		{B8AD366D-8DE6-4780-AD17-536D1B3D69CA}.Debug|Any CPU.Build.0 = Debug|Any CPU
		{B8AD366D-8DE6-4780-AD17-536D1B3D69CA}.Release|Any CPU.ActiveCfg = Release|Any CPU
		{B8AD366D-8DE6-4780-AD17-536D1B3D69CA}.Release|Any CPU.Build.0 = Release|Any CPU
		{8AA4709B-67D0-44BA-8988-D19478AC9A5B}.Debug|Any CPU.ActiveCfg = Debug|Any CPU
		{8AA4709B-67D0-44BA-8988-D19478AC9A5B}.Debug|Any CPU.Build.0 = Debug|Any CPU
		{8AA4709B-67D0-44BA-8988-D19478AC9A5B}.Release|Any CPU.ActiveCfg = Release|Any CPU
		{8AA4709B-67D0-44BA-8988-D19478AC9A5B}.Release|Any CPU.Build.0 = Release|Any CPU
		{94EB0B68-7E3E-4F08-8BAF-4B87254A44BD}.Debug|Any CPU.ActiveCfg = Debug|Any CPU
		{94EB0B68-7E3E-4F08-8BAF-4B87254A44BD}.Debug|Any CPU.Build.0 = Debug|Any CPU
		{94EB0B68-7E3E-4F08-8BAF-4B87254A44BD}.Release|Any CPU.ActiveCfg = Release|Any CPU
		{94EB0B68-7E3E-4F08-8BAF-4B87254A44BD}.Release|Any CPU.Build.0 = Release|Any CPU
		{18F5D76D-97B8-464C-BCA2-73450E3329B9}.Debug|Any CPU.ActiveCfg = Debug|Any CPU
		{18F5D76D-97B8-464C-BCA2-73450E3329B9}.Debug|Any CPU.Build.0 = Debug|Any CPU
		{18F5D76D-97B8-464C-BCA2-73450E3329B9}.Release|Any CPU.ActiveCfg = Release|Any CPU
		{18F5D76D-97B8-464C-BCA2-73450E3329B9}.Release|Any CPU.Build.0 = Release|Any CPU
		{53AD3F28-7F0B-4D1D-A379-713860816782}.Debug|Any CPU.ActiveCfg = Debug|Any CPU
		{53AD3F28-7F0B-4D1D-A379-713860816782}.Debug|Any CPU.Build.0 = Debug|Any CPU
		{53AD3F28-7F0B-4D1D-A379-713860816782}.Release|Any CPU.ActiveCfg = Release|Any CPU
		{53AD3F28-7F0B-4D1D-A379-713860816782}.Release|Any CPU.Build.0 = Release|Any CPU
		{8CA66692-6885-416F-B299-4D1F0FF4016C}.Debug|Any CPU.ActiveCfg = Debug|Any CPU
		{8CA66692-6885-416F-B299-4D1F0FF4016C}.Debug|Any CPU.Build.0 = Debug|Any CPU
		{8CA66692-6885-416F-B299-4D1F0FF4016C}.Release|Any CPU.ActiveCfg = Release|Any CPU
		{8CA66692-6885-416F-B299-4D1F0FF4016C}.Release|Any CPU.Build.0 = Release|Any CPU
		{FC380039-37EC-4570-AAF2-9A4322271EAA}.Debug|Any CPU.ActiveCfg = Debug|Any CPU
		{FC380039-37EC-4570-AAF2-9A4322271EAA}.Debug|Any CPU.Build.0 = Debug|Any CPU
		{FC380039-37EC-4570-AAF2-9A4322271EAA}.Release|Any CPU.ActiveCfg = Release|Any CPU
		{FC380039-37EC-4570-AAF2-9A4322271EAA}.Release|Any CPU.Build.0 = Release|Any CPU
		{CD7D6ECE-AC98-4CF0-A3B4-44DB3275FA0D}.Debug|Any CPU.ActiveCfg = Debug|Any CPU
		{CD7D6ECE-AC98-4CF0-A3B4-44DB3275FA0D}.Debug|Any CPU.Build.0 = Debug|Any CPU
		{CD7D6ECE-AC98-4CF0-A3B4-44DB3275FA0D}.Release|Any CPU.ActiveCfg = Release|Any CPU
		{CD7D6ECE-AC98-4CF0-A3B4-44DB3275FA0D}.Release|Any CPU.Build.0 = Release|Any CPU
		{1D31E1EE-BA79-4423-AEC4-EF77D6DB7E35}.Debug|Any CPU.ActiveCfg = Debug|Any CPU
		{1D31E1EE-BA79-4423-AEC4-EF77D6DB7E35}.Debug|Any CPU.Build.0 = Debug|Any CPU
		{1D31E1EE-BA79-4423-AEC4-EF77D6DB7E35}.Release|Any CPU.ActiveCfg = Release|Any CPU
		{1D31E1EE-BA79-4423-AEC4-EF77D6DB7E35}.Release|Any CPU.Build.0 = Release|Any CPU
		{56F9B42E-E202-4DFE-B047-F94CB0453544}.Debug|Any CPU.ActiveCfg = Debug|Any CPU
		{56F9B42E-E202-4DFE-B047-F94CB0453544}.Debug|Any CPU.Build.0 = Debug|Any CPU
		{56F9B42E-E202-4DFE-B047-F94CB0453544}.Release|Any CPU.ActiveCfg = Release|Any CPU
		{56F9B42E-E202-4DFE-B047-F94CB0453544}.Release|Any CPU.Build.0 = Release|Any CPU
		{53BD5CA1-6813-4513-8014-E02B6F932ED7}.Debug|Any CPU.ActiveCfg = Debug|Any CPU
		{53BD5CA1-6813-4513-8014-E02B6F932ED7}.Debug|Any CPU.Build.0 = Debug|Any CPU
		{53BD5CA1-6813-4513-8014-E02B6F932ED7}.Release|Any CPU.ActiveCfg = Release|Any CPU
		{53BD5CA1-6813-4513-8014-E02B6F932ED7}.Release|Any CPU.Build.0 = Release|Any CPU
		{CF5E0196-18B4-425B-B4C9-FAB96281A897}.Debug|Any CPU.ActiveCfg = Debug|Any CPU
		{CF5E0196-18B4-425B-B4C9-FAB96281A897}.Debug|Any CPU.Build.0 = Debug|Any CPU
		{CF5E0196-18B4-425B-B4C9-FAB96281A897}.Release|Any CPU.ActiveCfg = Release|Any CPU
		{CF5E0196-18B4-425B-B4C9-FAB96281A897}.Release|Any CPU.Build.0 = Release|Any CPU
		{2B7A8F3E-0EA3-4014-B718-FDC9B85819F1}.Debug|Any CPU.ActiveCfg = Debug|Any CPU
		{2B7A8F3E-0EA3-4014-B718-FDC9B85819F1}.Debug|Any CPU.Build.0 = Debug|Any CPU
		{2B7A8F3E-0EA3-4014-B718-FDC9B85819F1}.Release|Any CPU.ActiveCfg = Release|Any CPU
		{2B7A8F3E-0EA3-4014-B718-FDC9B85819F1}.Release|Any CPU.Build.0 = Release|Any CPU
		{8C4E3FF6-BEDF-487F-96DE-39BD3E9948C7}.Debug|Any CPU.ActiveCfg = Debug|Any CPU
		{8C4E3FF6-BEDF-487F-96DE-39BD3E9948C7}.Debug|Any CPU.Build.0 = Debug|Any CPU
		{8C4E3FF6-BEDF-487F-96DE-39BD3E9948C7}.Release|Any CPU.ActiveCfg = Release|Any CPU
		{8C4E3FF6-BEDF-487F-96DE-39BD3E9948C7}.Release|Any CPU.Build.0 = Release|Any CPU
		{1394E9DE-31A2-42AB-81A2-D39462BB9A97}.Debug|Any CPU.ActiveCfg = Debug|Any CPU
		{1394E9DE-31A2-42AB-81A2-D39462BB9A97}.Debug|Any CPU.Build.0 = Debug|Any CPU
		{1394E9DE-31A2-42AB-81A2-D39462BB9A97}.Release|Any CPU.ActiveCfg = Release|Any CPU
		{1394E9DE-31A2-42AB-81A2-D39462BB9A97}.Release|Any CPU.Build.0 = Release|Any CPU
		{FFFDCFDB-BFED-4727-BDE1-B3B513CF2356}.Debug|Any CPU.ActiveCfg = Debug|Any CPU
		{FFFDCFDB-BFED-4727-BDE1-B3B513CF2356}.Debug|Any CPU.Build.0 = Debug|Any CPU
		{FFFDCFDB-BFED-4727-BDE1-B3B513CF2356}.Release|Any CPU.ActiveCfg = Release|Any CPU
		{FFFDCFDB-BFED-4727-BDE1-B3B513CF2356}.Release|Any CPU.Build.0 = Release|Any CPU
		{9D0042B9-2F38-4BD2-85A9-E18480092C61}.Debug|Any CPU.ActiveCfg = Debug|Any CPU
		{9D0042B9-2F38-4BD2-85A9-E18480092C61}.Debug|Any CPU.Build.0 = Debug|Any CPU
		{9D0042B9-2F38-4BD2-85A9-E18480092C61}.Release|Any CPU.ActiveCfg = Release|Any CPU
		{9D0042B9-2F38-4BD2-85A9-E18480092C61}.Release|Any CPU.Build.0 = Release|Any CPU
		{A2D81088-0E26-4FD3-B77C-0FBF83BE9C37}.Debug|Any CPU.ActiveCfg = Debug|Any CPU
		{A2D81088-0E26-4FD3-B77C-0FBF83BE9C37}.Debug|Any CPU.Build.0 = Debug|Any CPU
		{A2D81088-0E26-4FD3-B77C-0FBF83BE9C37}.Release|Any CPU.ActiveCfg = Release|Any CPU
		{A2D81088-0E26-4FD3-B77C-0FBF83BE9C37}.Release|Any CPU.Build.0 = Release|Any CPU
	EndGlobalSection
	GlobalSection(SolutionProperties) = preSolution
		HideSolutionNode = FALSE
	EndGlobalSection
	GlobalSection(NestedProjects) = preSolution
		{802E6FDE-5497-4892-BAFA-E6717D319A7E} = {A027B923-31E9-4DFD-BBEA-05D41198E10D}
		{01106533-A66A-4E29-879D-E67049BEC089} = {A027B923-31E9-4DFD-BBEA-05D41198E10D}
		{A57E8457-0DAF-4A55-AFCF-D408D28046B4} = {A027B923-31E9-4DFD-BBEA-05D41198E10D}
		{DCB7DD76-79B2-48D9-A89A-43396DD29570} = {802E6FDE-5497-4892-BAFA-E6717D319A7E}
		{0E8F0507-7C0C-4B8C-A857-8DFC192D98DA} = {802E6FDE-5497-4892-BAFA-E6717D319A7E}
		{3FAE375A-6367-4219-8A0B-19A33C327818} = {802E6FDE-5497-4892-BAFA-E6717D319A7E}
		{1D9178B4-39BE-414C-A8B2-A31EB57243A8} = {802E6FDE-5497-4892-BAFA-E6717D319A7E}
		{8C5FBC6B-46F5-4DEF-B88E-4B91A7C9F948} = {DCB7DD76-79B2-48D9-A89A-43396DD29570}
		{F5A6784E-4EC3-4999-8BBA-524A7D00BFAF} = {0E8F0507-7C0C-4B8C-A857-8DFC192D98DA}
		{60A5A3C7-F558-4416-B48F-2F3F77D85F23} = {F5A6784E-4EC3-4999-8BBA-524A7D00BFAF}
		{B739D00E-E047-467E-BFB2-58D879F4ED42} = {3FAE375A-6367-4219-8A0B-19A33C327818}
		{D781542B-3B37-47B3-87EC-41FCE2DBB4DD} = {3FAE375A-6367-4219-8A0B-19A33C327818}
		{4AAC60CE-B85B-464A-B8F0-5E316025CDEA} = {3FAE375A-6367-4219-8A0B-19A33C327818}
		{A00A9A55-E6B0-405E-A192-57D97344296D} = {3FAE375A-6367-4219-8A0B-19A33C327818}
		{B8AD366D-8DE6-4780-AD17-536D1B3D69CA} = {B739D00E-E047-467E-BFB2-58D879F4ED42}
		{8AA4709B-67D0-44BA-8988-D19478AC9A5B} = {B739D00E-E047-467E-BFB2-58D879F4ED42}
		{94EB0B68-7E3E-4F08-8BAF-4B87254A44BD} = {D781542B-3B37-47B3-87EC-41FCE2DBB4DD}
		{18F5D76D-97B8-464C-BCA2-73450E3329B9} = {D781542B-3B37-47B3-87EC-41FCE2DBB4DD}
		{53AD3F28-7F0B-4D1D-A379-713860816782} = {4AAC60CE-B85B-464A-B8F0-5E316025CDEA}
		{8CA66692-6885-416F-B299-4D1F0FF4016C} = {4AAC60CE-B85B-464A-B8F0-5E316025CDEA}
		{FC380039-37EC-4570-AAF2-9A4322271EAA} = {A00A9A55-E6B0-405E-A192-57D97344296D}
		{CD7D6ECE-AC98-4CF0-A3B4-44DB3275FA0D} = {A00A9A55-E6B0-405E-A192-57D97344296D}
		{1D31E1EE-BA79-4423-AEC4-EF77D6DB7E35} = {1D9178B4-39BE-414C-A8B2-A31EB57243A8}
		{56F9B42E-E202-4DFE-B047-F94CB0453544} = {1D9178B4-39BE-414C-A8B2-A31EB57243A8}
		{FC459DDB-9057-4373-9A62-8FE0D66DE7F6} = {01106533-A66A-4E29-879D-E67049BEC089}
		{53BD5CA1-6813-4513-8014-E02B6F932ED7} = {FC459DDB-9057-4373-9A62-8FE0D66DE7F6}
		{CF5E0196-18B4-425B-B4C9-FAB96281A897} = {FC459DDB-9057-4373-9A62-8FE0D66DE7F6}
		{2B7A8F3E-0EA3-4014-B718-FDC9B85819F1} = {A57E8457-0DAF-4A55-AFCF-D408D28046B4}
		{8C4E3FF6-BEDF-487F-96DE-39BD3E9948C7} = {A57E8457-0DAF-4A55-AFCF-D408D28046B4}
		{A0814186-477B-482D-A951-13455918419D} = {B4BE1337-E069-4256-B95C-E70619A630A5}
		{9CDFE238-BCE3-4A9F-A354-D4B9AE7674F8} = {A027B923-31E9-4DFD-BBEA-05D41198E10D}
		{1394E9DE-31A2-42AB-81A2-D39462BB9A97} = {9CDFE238-BCE3-4A9F-A354-D4B9AE7674F8}
		{FFFDCFDB-BFED-4727-BDE1-B3B513CF2356} = {01106533-A66A-4E29-879D-E67049BEC089}
		{9D0042B9-2F38-4BD2-85A9-E18480092C61} = {01106533-A66A-4E29-879D-E67049BEC089}
		{A2D81088-0E26-4FD3-B77C-0FBF83BE9C37} = {01106533-A66A-4E29-879D-E67049BEC089}
	EndGlobalSection
EndGlobal
